{
  "dependencies": {
    "grasp": {
      "version": "0.2.1",
      "dependencies": {
        "acorn": {
          "version": "0.4.2"
        },
        "prelude-ls": {
          "version": "1.0.3"
        },
        "cli-color": {
          "version": "0.2.3",
          "dependencies": {
            "es5-ext": {
              "version": "0.9.2"
            },
            "memoizee": {
              "version": "0.2.6",
              "dependencies": {
                "event-emitter": {
                  "version": "0.2.2"
                },
                "next-tick": {
                  "version": "0.1.0"
                }
              }
            }
          }
        },
        "async": {
          "version": "0.2.10"
        },
        "optionator": {
          "version": "0.1.1",
          "dependencies": {
            "deep-is": {
              "version": "0.1.2"
            },
            "wordwrap": {
              "version": "0.0.2"
            },
            "type-check": {
              "version": "0.3.1",
              "dependencies": {
                "prelude-ls": {
                  "version": "1.1.1"
                }
              }
            },
            "levn": {
              "version": "0.2.5",
              "dependencies": {
                "prelude-ls": {
                  "version": "1.1.1"
                }
              }
            },
            "levenshtein-damerau": {
              "version": "0.1.0-2"
            }
          }
        },
        "grasp-squery": {
          "version": "0.2.2",
          "dependencies": {
            "prelude-ls": {
              "version": "1.1.1"
            }
          }
        },
        "grasp-equery": {
          "version": "0.2.1",
          "dependencies": {
            "prelude-ls": {
              "version": "1.1.1"
            },
            "acorn": {
              "version": "0.5.0"
            }
          }
        },
        "grasp-syntax-javascript": {
          "version": "0.1.0"
        }
      }
    }
  }
}
